// !$*UTF8*$!
{
	archiveVersion = 1;
	classes = {
	};
	objectVersion = 46;
	objects = {

/* Begin PBXBuildFile section */
		2114C5E3182645E5001FEE68 /* Event.h in Headers */ = {isa = PBXBuildFile; fileRef = 2114C5E2182645E5001FEE68 /* Event.h */; };
		2114C5E9182649C9001FEE68 /* Event.cpp in Sources */ = {isa = PBXBuildFile; fileRef = 2114C5E8182649C9001FEE68 /* Event.cpp */; };
		F8A9A2111825DDE400F7DAB0 /* EventGenerator.cpp in Sources */ = {isa = PBXBuildFile; fileRef = F8A9A20F1825DDE400F7DAB0 /* EventGenerator.cpp */; };
		F8A9A2121825DDE400F7DAB0 /* EventGenerator.h in Headers */ = {isa = PBXBuildFile; fileRef = F8A9A2101825DDE400F7DAB0 /* EventGenerator.h */; };
/* End PBXBuildFile section */

/* Begin PBXFileReference section */
		2114C5E2182645E5001FEE68 /* Event.h */ = {isa = PBXFileReference; fileEncoding = 4; lastKnownFileType = sourcecode.c.h; path = Event.h; sourceTree = "<group>"; };
		2114C5E8182649C9001FEE68 /* Event.cpp */ = {isa = PBXFileReference; fileEncoding = 4; lastKnownFileType = sourcecode.cpp.cpp; path = Event.cpp; sourceTree = "<group>"; };
		F8A9A2081825DDBE00F7DAB0 /* libCS 143.dylib */ = {isa = PBXFileReference; explicitFileType = "compiled.mach-o.dylib"; includeInIndex = 0; path = "libCS 143.dylib"; sourceTree = BUILT_PRODUCTS_DIR; };
		F8A9A20F1825DDE400F7DAB0 /* EventGenerator.cpp */ = {isa = PBXFileReference; fileEncoding = 4; lastKnownFileType = sourcecode.cpp.cpp; path = EventGenerator.cpp; sourceTree = "<group>"; };
		F8A9A2101825DDE400F7DAB0 /* EventGenerator.h */ = {isa = PBXFileReference; fileEncoding = 4; lastKnownFileType = sourcecode.c.h; path = EventGenerator.h; sourceTree = "<group>"; };
/* End PBXFileReference section */

/* Begin PBXFrameworksBuildPhase section */
		F8A9A2051825DDBE00F7DAB0 /* Frameworks */ = {
			isa = PBXFrameworksBuildPhase;
			buildActionMask = 2147483647;
			files = (
			);
			runOnlyForDeploymentPostprocessing = 0;
		};
/* End PBXFrameworksBuildPhase section */

/* Begin PBXGroup section */
		F8A9A1FF1825DDBE00F7DAB0 = {
			isa = PBXGroup;
			children = (
				F8A9A20F1825DDE400F7DAB0 /* EventGenerator.cpp */,
				F8A9A2101825DDE400F7DAB0 /* EventGenerator.h */,
				2114C5E2182645E5001FEE68 /* Event.h */,
				2114C5E8182649C9001FEE68 /* Event.cpp */,
				F8A9A2091825DDBE00F7DAB0 /* Products */,
			);
			sourceTree = "<group>";
		};
		F8A9A2091825DDBE00F7DAB0 /* Products */ = {
			isa = PBXGroup;
			children = (
				F8A9A2081825DDBE00F7DAB0 /* libCS 143.dylib */,
			);
			name = Products;
			sourceTree = "<group>";
		};
/* End PBXGroup section */

/* Begin PBXHeadersBuildPhase section */
		F8A9A2061825DDBE00F7DAB0 /* Headers */ = {
			isa = PBXHeadersBuildPhase;
			buildActionMask = 2147483647;
			files = (
				F8A9A2121825DDE400F7DAB0 /* EventGenerator.h in Headers */,
				2114C5E3182645E5001FEE68 /* Event.h in Headers */,
			);
			runOnlyForDeploymentPostprocessing = 0;
		};
/* End PBXHeadersBuildPhase section */

/* Begin PBXNativeTarget section */
		F8A9A2071825DDBE00F7DAB0 /* CS 143 */ = {
			isa = PBXNativeTarget;
			buildConfigurationList = F8A9A20C1825DDBE00F7DAB0 /* Build configuration list for PBXNativeTarget "CS 143" */;
			buildPhases = (
				F8A9A2041825DDBE00F7DAB0 /* Sources */,
				F8A9A2051825DDBE00F7DAB0 /* Frameworks */,
				F8A9A2061825DDBE00F7DAB0 /* Headers */,
			);
			buildRules = (
			);
			dependencies = (
			);
			name = "CS 143";
			productName = "CS 143";
			productReference = F8A9A2081825DDBE00F7DAB0 /* libCS 143.dylib */;
			productType = "com.apple.product-type.library.dynamic";
		};
/* End PBXNativeTarget section */

/* Begin PBXProject section */
		F8A9A2001825DDBE00F7DAB0 /* Project object */ = {
			isa = PBXProject;
			attributes = {
				LastUpgradeCheck = 0500;
				ORGANIZATIONNAME = Anish;
			};
			buildConfigurationList = F8A9A2031825DDBE00F7DAB0 /* Build configuration list for PBXProject "CS 143" */;
			compatibilityVersion = "Xcode 3.2";
			developmentRegion = English;
			hasScannedForEncodings = 0;
			knownRegions = (
				en,
			);
			mainGroup = F8A9A1FF1825DDBE00F7DAB0;
			productRefGroup = F8A9A2091825DDBE00F7DAB0 /* Products */;
			projectDirPath = "";
			projectRoot = "";
			targets = (
				F8A9A2071825DDBE00F7DAB0 /* CS 143 */,
			);
		};
/* End PBXProject section */

/* Begin PBXSourcesBuildPhase section */
		F8A9A2041825DDBE00F7DAB0 /* Sources */ = {
			isa = PBXSourcesBuildPhase;
			buildActionMask = 2147483647;
			files = (
				F8A9A2111825DDE400F7DAB0 /* EventGenerator.cpp in Sources */,
				2114C5E9182649C9001FEE68 /* Event.cpp in Sources */,
			);
			runOnlyForDeploymentPostprocessing = 0;
		};
/* End PBXSourcesBuildPhase section */

/* Begin XCBuildConfiguration section */
		F8A9A20A1825DDBE00F7DAB0 /* Debug */ = {
			isa = XCBuildConfiguration;
			buildSettings = {
				ALWAYS_SEARCH_USER_PATHS = NO;
				CLANG_CXX_LANGUAGE_STANDARD = "gnu++0x";
				CLANG_CXX_LIBRARY = "libc++";
				CLANG_ENABLE_OBJC_ARC = YES;
				CLANG_WARN_BOOL_CONVERSION = YES;
				CLANG_WARN_CONSTANT_CONVERSION = YES;
				CLANG_WARN_DIRECT_OBJC_ISA_USAGE = YES_ERROR;
				CLANG_WARN_EMPTY_BODY = YES;
				CLANG_WARN_ENUM_CONVERSION = YES;
				CLANG_WARN_INT_CONVERSION = YES;
				CLANG_WARN_OBJC_ROOT_CLASS = YES_ERROR;
				CLANG_WARN__DUPLICATE_METHOD_MATCH = YES;
				COPY_PHASE_STRIP = NO;
				GCC_C_LANGUAGE_STANDARD = gnu99;
				GCC_DYNAMIC_NO_PIC = NO;
				GCC_ENABLE_OBJC_EXCEPTIONS = YES;
				GCC_OPTIMIZATION_LEVEL = 0;
				GCC_PREPROCESSOR_DEFINITIONS = (
					"DEBUG=1",
					"$(inherited)",
				);
				GCC_SYMBOLS_PRIVATE_EXTERN = NO;
				GCC_WARN_64_TO_32_BIT_CONVERSION = YES;
				GCC_WARN_ABOUT_RETURN_TYPE = YES_ERROR;
				GCC_WARN_UNDECLARED_SELECTOR = YES;
				GCC_WARN_UNINITIALIZED_AUTOS = YES;
				GCC_WARN_UNUSED_FUNCTION = YES;
				GCC_WARN_UNUSED_VARIABLE = YES;
				MACOSX_DEPLOYMENT_TARGET = 10.8;
				ONLY_ACTIVE_ARCH = YES;
				SDKROOT = macosx;
			};
			name = Debug;
		};
		F8A9A20B1825DDBE00F7DAB0 /* Release */ = {
			isa = XCBuildConfiguration;
			buildSettings = {
				ALWAYS_SEARCH_USER_PATHS = NO;
				CLANG_CXX_LANGUAGE_STANDARD = "gnu++0x";
				CLANG_CXX_LIBRARY = "libc++";
				CLANG_ENABLE_OBJC_ARC = YES;
				CLANG_WARN_BOOL_CONVERSION = YES;
				CLANG_WARN_CONSTANT_CONVERSION = YES;
				CLANG_WARN_DIRECT_OBJC_ISA_USAGE = YES_ERROR;
				CLANG_WARN_EMPTY_BODY = YES;
				CLANG_WARN_ENUM_CONVERSION = YES;
				CLANG_WARN_INT_CONVERSION = YES;
				CLANG_WARN_OBJC_ROOT_CLASS = YES_ERROR;
				CLANG_WARN__DUPLICATE_METHOD_MATCH = YES;
				COPY_PHASE_STRIP = YES;
				DEBUG_INFORMATION_FORMAT = "dwarf-with-dsym";
				ENABLE_NS_ASSERTIONS = NO;
				GCC_C_LANGUAGE_STANDARD = gnu99;
				GCC_ENABLE_OBJC_EXCEPTIONS = YES;
				GCC_WARN_64_TO_32_BIT_CONVERSION = YES;
				GCC_WARN_ABOUT_RETURN_TYPE = YES_ERROR;
				GCC_WARN_UNDECLARED_SELECTOR = YES;
				GCC_WARN_UNINITIALIZED_AUTOS = YES;
				GCC_WARN_UNUSED_FUNCTION = YES;
				GCC_WARN_UNUSED_VARIABLE = YES;
				MACOSX_DEPLOYMENT_TARGET = 10.8;
				SDKROOT = macosx;
			};
			name = Release;
		};
		F8A9A20D1825DDBE00F7DAB0 /* Debug */ = {
			isa = XCBuildConfiguration;
			buildSettings = {
				EXECUTABLE_PREFIX = lib;
				PRODUCT_NAME = "$(TARGET_NAME)";
			};
			name = Debug;
		};
		F8A9A20E1825DDBE00F7DAB0 /* Release */ = {
			isa = XCBuildConfiguration;
			buildSettings = {
				EXECUTABLE_PREFIX = lib;
				PRODUCT_NAME = "$(TARGET_NAME)";
			};
			name = Release;
		};
/* End XCBuildConfiguration section */

/* Begin XCConfigurationList section */
		F8A9A2031825DDBE00F7DAB0 /* Build configuration list for PBXProject "CS 143" */ = {
			isa = XCConfigurationList;
			buildConfigurations = (
				F8A9A20A1825DDBE00F7DAB0 /* Debug */,
				F8A9A20B1825DDBE00F7DAB0 /* Release */,
			);
			defaultConfigurationIsVisible = 0;
			defaultConfigurationName = Release;
		};
		F8A9A20C1825DDBE00F7DAB0 /* Build configuration list for PBXNativeTarget "CS 143" */ = {
			isa = XCConfigurationList;
			buildConfigurations = (
				F8A9A20D1825DDBE00F7DAB0 /* Debug */,
				F8A9A20E1825DDBE00F7DAB0 /* Release */,
			);
			defaultConfigurationIsVisible = 0;
			defaultConfigurationName = Release;
		};
/* End XCConfigurationList section */
	};
	rootObject = F8A9A2001825DDBE00F7DAB0 /* Project object */;
}
