// !$*UTF8*$!
{
	archiveVersion = 1;
	classes = {
	};
	objectVersion = 46;
	objects = {

/* Begin PBXBuildFile section */
		21067C0A182C655C008787D1 /* Link.cpp in Sources */ = {isa = PBXBuildFile; fileRef = 21067C08182C655C008787D1 /* Link.cpp */; };
		21067C0B182C655C008787D1 /* Link.h in Headers */ = {isa = PBXBuildFile; fileRef = 21067C09182C655C008787D1 /* Link.h */; };
		21067C12182C6705008787D1 /* Router.cpp in Sources */ = {isa = PBXBuildFile; fileRef = 21067C10182C6705008787D1 /* Router.cpp */; };
		21067C13182C6705008787D1 /* Router.h in Headers */ = {isa = PBXBuildFile; fileRef = 21067C11182C6705008787D1 /* Router.h */; };
		215AADDA182CCA2E00F666EC /* Host.cpp in Sources */ = {isa = PBXBuildFile; fileRef = 215AADD8182CCA2E00F666EC /* Host.cpp */; };
		215AADDB182CCA2E00F666EC /* Host.h in Headers */ = {isa = PBXBuildFile; fileRef = 215AADD9182CCA2E00F666EC /* Host.h */; };
		215AADDE182CCA4900F666EC /* CongestionAlg.cpp in Sources */ = {isa = PBXBuildFile; fileRef = 215AADDC182CCA4900F666EC /* CongestionAlg.cpp */; };
		215AADDF182CCA4900F666EC /* CongestionAlg.h in Headers */ = {isa = PBXBuildFile; fileRef = 215AADDD182CCA4900F666EC /* CongestionAlg.h */; };
		218B92E61830825400CE8315 /* make_unique.h in Headers */ = {isa = PBXBuildFile; fileRef = 218B92E51830825400CE8315 /* make_unique.h */; };
		21AB6067182F6CA700F61DDB /* FlowEvent.cpp in Sources */ = {isa = PBXBuildFile; fileRef = 21AB6063182F6CA700F61DDB /* FlowEvent.cpp */; };
		21AB6068182F6CA700F61DDB /* FlowEvent.h in Headers */ = {isa = PBXBuildFile; fileRef = 21AB6064182F6CA700F61DDB /* FlowEvent.h */; };
		21AB6069182F6CA700F61DDB /* PacketEvent.cpp in Sources */ = {isa = PBXBuildFile; fileRef = 21AB6065182F6CA700F61DDB /* PacketEvent.cpp */; };
		21AB606A182F6CA700F61DDB /* PacketEvent.h in Headers */ = {isa = PBXBuildFile; fileRef = 21AB6066182F6CA700F61DDB /* PacketEvent.h */; };
		21BB0DDF182F785F008A653D /* Event.cpp in Sources */ = {isa = PBXBuildFile; fileRef = 21BB0DDD182F785F008A653D /* Event.cpp */; };
		21BB0DE0182F785F008A653D /* Event.h in Headers */ = {isa = PBXBuildFile; fileRef = 21BB0DDE182F785F008A653D /* Event.h */; };
		21CB31971832D5E5007AF9B4 /* Flow.cpp in Sources */ = {isa = PBXBuildFile; fileRef = 21CB31951832D5E5007AF9B4 /* Flow.cpp */; };
		21CB31981832D5E5007AF9B4 /* Flow.h in Headers */ = {isa = PBXBuildFile; fileRef = 21CB31961832D5E5007AF9B4 /* Flow.h */; };
		21D7E9AD1827677D003FEBF2 /* Packet.cpp in Sources */ = {isa = PBXBuildFile; fileRef = 21D7E9AB1827677D003FEBF2 /* Packet.cpp */; };
		21D7E9AE1827677D003FEBF2 /* Packet.h in Headers */ = {isa = PBXBuildFile; fileRef = 21D7E9AC1827677D003FEBF2 /* Packet.h */; };
		21F1308F182F20CA0072DDBE /* FlowGenerator.cpp in Sources */ = {isa = PBXBuildFile; fileRef = 21F1308D182F20CA0072DDBE /* FlowGenerator.cpp */; };
		21F13090182F20CA0072DDBE /* FlowGenerator.h in Headers */ = {isa = PBXBuildFile; fileRef = 21F1308E182F20CA0072DDBE /* FlowGenerator.h */; };
		21F913D2182C730000089B45 /* Handler.cpp in Sources */ = {isa = PBXBuildFile; fileRef = 21F913CD182C730000089B45 /* Handler.cpp */; };
		21F913D3182C730000089B45 /* Handler.h in Headers */ = {isa = PBXBuildFile; fileRef = 21F913CE182C730000089B45 /* Handler.h */; };
		F86533301830C77500B12405 /* Makefile in Sources */ = {isa = PBXBuildFile; fileRef = F865332B1830C77500B12405 /* Makefile */; };
		F86533311830C77500B12405 /* Test.cpp in Sources */ = {isa = PBXBuildFile; fileRef = F865332C1830C77500B12405 /* Test.cpp */; };
		F86533321830C77500B12405 /* Test.h in Headers */ = {isa = PBXBuildFile; fileRef = F865332D1830C77500B12405 /* Test.h */; };
		F86533331830C77500B12405 /* UnackEvent.cpp in Sources */ = {isa = PBXBuildFile; fileRef = F865332E1830C77500B12405 /* UnackEvent.cpp */; };
		F86533341830C77500B12405 /* UnackEvent.h in Headers */ = {isa = PBXBuildFile; fileRef = F865332F1830C77500B12405 /* UnackEvent.h */; };
		F8A9A2111825DDE400F7DAB0 /* EventGenerator.cpp in Sources */ = {isa = PBXBuildFile; fileRef = F8A9A20F1825DDE400F7DAB0 /* EventGenerator.cpp */; };
		F8A9A2121825DDE400F7DAB0 /* EventGenerator.h in Headers */ = {isa = PBXBuildFile; fileRef = F8A9A2101825DDE400F7DAB0 /* EventGenerator.h */; };
/* End PBXBuildFile section */

/* Begin PBXFileReference section */
		2103E41A182F61FB0091437C /* _MultiQueue.h */ = {isa = PBXFileReference; lastKnownFileType = sourcecode.c.h; path = _MultiQueue.h; sourceTree = "<group>"; };
		21067C08182C655C008787D1 /* Link.cpp */ = {isa = PBXFileReference; fileEncoding = 4; lastKnownFileType = sourcecode.cpp.cpp; path = Link.cpp; sourceTree = "<group>"; };
		21067C09182C655C008787D1 /* Link.h */ = {isa = PBXFileReference; fileEncoding = 4; lastKnownFileType = sourcecode.c.h; path = Link.h; sourceTree = "<group>"; };
		21067C10182C6705008787D1 /* Router.cpp */ = {isa = PBXFileReference; fileEncoding = 4; lastKnownFileType = sourcecode.cpp.cpp; path = Router.cpp; sourceTree = "<group>"; };
		21067C11182C6705008787D1 /* Router.h */ = {isa = PBXFileReference; fileEncoding = 4; lastKnownFileType = sourcecode.c.h; path = Router.h; sourceTree = "<group>"; };
		212291C71834584400EC36CC /* deref_comp.h */ = {isa = PBXFileReference; lastKnownFileType = sourcecode.c.h; path = deref_comp.h; sourceTree = "<group>"; };
		215AADD8182CCA2E00F666EC /* Host.cpp */ = {isa = PBXFileReference; fileEncoding = 4; lastKnownFileType = sourcecode.cpp.cpp; path = Host.cpp; sourceTree = "<group>"; };
		215AADD9182CCA2E00F666EC /* Host.h */ = {isa = PBXFileReference; fileEncoding = 4; lastKnownFileType = sourcecode.c.h; path = Host.h; sourceTree = "<group>"; };
		215AADDC182CCA4900F666EC /* CongestionAlg.cpp */ = {isa = PBXFileReference; fileEncoding = 4; lastKnownFileType = sourcecode.cpp.cpp; path = CongestionAlg.cpp; sourceTree = "<group>"; };
		215AADDD182CCA4900F666EC /* CongestionAlg.h */ = {isa = PBXFileReference; fileEncoding = 4; lastKnownFileType = sourcecode.c.h; path = CongestionAlg.h; sourceTree = "<group>"; };
		218B92E51830825400CE8315 /* make_unique.h */ = {isa = PBXFileReference; fileEncoding = 4; lastKnownFileType = sourcecode.c.h; path = make_unique.h; sourceTree = "<group>"; };
		21AB6063182F6CA700F61DDB /* FlowEvent.cpp */ = {isa = PBXFileReference; fileEncoding = 4; lastKnownFileType = sourcecode.cpp.cpp; path = FlowEvent.cpp; sourceTree = "<group>"; };
		21AB6064182F6CA700F61DDB /* FlowEvent.h */ = {isa = PBXFileReference; fileEncoding = 4; lastKnownFileType = sourcecode.c.h; path = FlowEvent.h; sourceTree = "<group>"; };
		21AB6065182F6CA700F61DDB /* PacketEvent.cpp */ = {isa = PBXFileReference; fileEncoding = 4; lastKnownFileType = sourcecode.cpp.cpp; path = PacketEvent.cpp; sourceTree = "<group>"; };
		21AB6066182F6CA700F61DDB /* PacketEvent.h */ = {isa = PBXFileReference; fileEncoding = 4; lastKnownFileType = sourcecode.c.h; path = PacketEvent.h; sourceTree = "<group>"; };
		21BB0DDD182F785F008A653D /* Event.cpp */ = {isa = PBXFileReference; fileEncoding = 4; lastKnownFileType = sourcecode.cpp.cpp; path = Event.cpp; sourceTree = "<group>"; };
		21BB0DDE182F785F008A653D /* Event.h */ = {isa = PBXFileReference; fileEncoding = 4; lastKnownFileType = sourcecode.c.h; path = Event.h; sourceTree = "<group>"; };
		21CB31951832D5E5007AF9B4 /* Flow.cpp */ = {isa = PBXFileReference; fileEncoding = 4; lastKnownFileType = sourcecode.cpp.cpp; path = Flow.cpp; sourceTree = "<group>"; };
		21CB31961832D5E5007AF9B4 /* Flow.h */ = {isa = PBXFileReference; fileEncoding = 4; lastKnownFileType = sourcecode.c.h; path = Flow.h; sourceTree = "<group>"; };
		21D7E9AB1827677D003FEBF2 /* Packet.cpp */ = {isa = PBXFileReference; fileEncoding = 4; lastKnownFileType = sourcecode.cpp.cpp; path = Packet.cpp; sourceTree = "<group>"; };
		21D7E9AC1827677D003FEBF2 /* Packet.h */ = {isa = PBXFileReference; fileEncoding = 4; lastKnownFileType = sourcecode.c.h; path = Packet.h; sourceTree = "<group>"; };
		21F1308D182F20CA0072DDBE /* FlowGenerator.cpp */ = {isa = PBXFileReference; fileEncoding = 4; lastKnownFileType = sourcecode.cpp.cpp; path = FlowGenerator.cpp; sourceTree = "<group>"; };
		21F1308E182F20CA0072DDBE /* FlowGenerator.h */ = {isa = PBXFileReference; fileEncoding = 4; lastKnownFileType = sourcecode.c.h; path = FlowGenerator.h; sourceTree = "<group>"; };
		21F913CD182C730000089B45 /* Handler.cpp */ = {isa = PBXFileReference; fileEncoding = 4; lastKnownFileType = sourcecode.cpp.cpp; path = Handler.cpp; sourceTree = "<group>"; };
		21F913CE182C730000089B45 /* Handler.h */ = {isa = PBXFileReference; fileEncoding = 4; lastKnownFileType = sourcecode.c.h; path = Handler.h; sourceTree = "<group>"; };
		F865332B1830C77500B12405 /* Makefile */ = {isa = PBXFileReference; fileEncoding = 4; lastKnownFileType = sourcecode.make; path = Makefile; sourceTree = "<group>"; };
		F865332C1830C77500B12405 /* Test.cpp */ = {isa = PBXFileReference; fileEncoding = 4; lastKnownFileType = sourcecode.cpp.cpp; path = Test.cpp; sourceTree = "<group>"; };
		F865332D1830C77500B12405 /* Test.h */ = {isa = PBXFileReference; fileEncoding = 4; lastKnownFileType = sourcecode.c.h; path = Test.h; sourceTree = "<group>"; };
		F865332E1830C77500B12405 /* UnackEvent.cpp */ = {isa = PBXFileReference; fileEncoding = 4; lastKnownFileType = sourcecode.cpp.cpp; path = UnackEvent.cpp; sourceTree = "<group>"; };
		F865332F1830C77500B12405 /* UnackEvent.h */ = {isa = PBXFileReference; fileEncoding = 4; lastKnownFileType = sourcecode.c.h; path = UnackEvent.h; sourceTree = "<group>"; };
		F8A9A2081825DDBE00F7DAB0 /* libCS 143.dylib */ = {isa = PBXFileReference; explicitFileType = "compiled.mach-o.dylib"; includeInIndex = 0; path = "libCS 143.dylib"; sourceTree = BUILT_PRODUCTS_DIR; };
		F8A9A20F1825DDE400F7DAB0 /* EventGenerator.cpp */ = {isa = PBXFileReference; fileEncoding = 4; lastKnownFileType = sourcecode.cpp.cpp; path = EventGenerator.cpp; sourceTree = "<group>"; };
		F8A9A2101825DDE400F7DAB0 /* EventGenerator.h */ = {isa = PBXFileReference; fileEncoding = 4; lastKnownFileType = sourcecode.c.h; path = EventGenerator.h; sourceTree = "<group>"; };
/* End PBXFileReference section */

/* Begin PBXFrameworksBuildPhase section */
		F8A9A2051825DDBE00F7DAB0 /* Frameworks */ = {
			isa = PBXFrameworksBuildPhase;
			buildActionMask = 2147483647;
			files = (
			);
			runOnlyForDeploymentPostprocessing = 0;
		};
/* End PBXFrameworksBuildPhase section */

/* Begin PBXGroup section */
		F8A9A1FF1825DDBE00F7DAB0 = {
			isa = PBXGroup;
			children = (
				F865332B1830C77500B12405 /* Makefile */,
				F865332D1830C77500B12405 /* Test.h */,
				F865332C1830C77500B12405 /* Test.cpp */,
				21D7E9AC1827677D003FEBF2 /* Packet.h */,
				21D7E9AB1827677D003FEBF2 /* Packet.cpp */,
				21CB31961832D5E5007AF9B4 /* Flow.h */,
				21CB31951832D5E5007AF9B4 /* Flow.cpp */,
				21BB0DDE182F785F008A653D /* Event.h */,
				21BB0DDD182F785F008A653D /* Event.cpp */,
				F865332F1830C77500B12405 /* UnackEvent.h */,
				F865332E1830C77500B12405 /* UnackEvent.cpp */,
				21AB6064182F6CA700F61DDB /* FlowEvent.h */,
				21AB6063182F6CA700F61DDB /* FlowEvent.cpp */,
				21AB6066182F6CA700F61DDB /* PacketEvent.h */,
				21AB6065182F6CA700F61DDB /* PacketEvent.cpp */,
				F8A9A2101825DDE400F7DAB0 /* EventGenerator.h */,
				212291C71834584400EC36CC /* deref_comp.h */,
				F8A9A20F1825DDE400F7DAB0 /* EventGenerator.cpp */,
				21F1308E182F20CA0072DDBE /* FlowGenerator.h */,
				21F1308D182F20CA0072DDBE /* FlowGenerator.cpp */,
				21067C11182C6705008787D1 /* Router.h */,
				21067C10182C6705008787D1 /* Router.cpp */,
				215AADD9182CCA2E00F666EC /* Host.h */,
				215AADD8182CCA2E00F666EC /* Host.cpp */,
				21067C09182C655C008787D1 /* Link.h */,
				21067C08182C655C008787D1 /* Link.cpp */,
				21F913CE182C730000089B45 /* Handler.h */,
				21F913CD182C730000089B45 /* Handler.cpp */,
				215AADDD182CCA4900F666EC /* CongestionAlg.h */,
				215AADDC182CCA4900F666EC /* CongestionAlg.cpp */,
				218B92E51830825400CE8315 /* make_unique.h */,
				2103E41A182F61FB0091437C /* _MultiQueue.h */,
				F8A9A2091825DDBE00F7DAB0 /* Products */,
			);
			sourceTree = "<group>";
		};
		F8A9A2091825DDBE00F7DAB0 /* Products */ = {
			isa = PBXGroup;
			children = (
				F8A9A2081825DDBE00F7DAB0 /* libCS 143.dylib */,
			);
			name = Products;
			sourceTree = "<group>";
		};
/* End PBXGroup section */

/* Begin PBXHeadersBuildPhase section */
		F8A9A2061825DDBE00F7DAB0 /* Headers */ = {
			isa = PBXHeadersBuildPhase;
			buildActionMask = 2147483647;
			files = (
				F86533341830C77500B12405 /* UnackEvent.h in Headers */,
				F8A9A2121825DDE400F7DAB0 /* EventGenerator.h in Headers */,
				21F13090182F20CA0072DDBE /* FlowGenerator.h in Headers */,
				215AADDB182CCA2E00F666EC /* Host.h in Headers */,
				21CB31981832D5E5007AF9B4 /* Flow.h in Headers */,
				21067C0B182C655C008787D1 /* Link.h in Headers */,
				21AB606A182F6CA700F61DDB /* PacketEvent.h in Headers */,
				21067C13182C6705008787D1 /* Router.h in Headers */,
				21AB6068182F6CA700F61DDB /* FlowEvent.h in Headers */,
				21BB0DE0182F785F008A653D /* Event.h in Headers */,
				F86533321830C77500B12405 /* Test.h in Headers */,
				215AADDF182CCA4900F666EC /* CongestionAlg.h in Headers */,
				21F913D3182C730000089B45 /* Handler.h in Headers */,
				218B92E61830825400CE8315 /* make_unique.h in Headers */,
				21D7E9AE1827677D003FEBF2 /* Packet.h in Headers */,
			);
			runOnlyForDeploymentPostprocessing = 0;
		};
/* End PBXHeadersBuildPhase section */

/* Begin PBXNativeTarget section */
		F8A9A2071825DDBE00F7DAB0 /* CS 143 */ = {
			isa = PBXNativeTarget;
			buildConfigurationList = F8A9A20C1825DDBE00F7DAB0 /* Build configuration list for PBXNativeTarget "CS 143" */;
			buildPhases = (
				F8A9A2041825DDBE00F7DAB0 /* Sources */,
				F8A9A2051825DDBE00F7DAB0 /* Frameworks */,
				F8A9A2061825DDBE00F7DAB0 /* Headers */,
			);
			buildRules = (
			);
			dependencies = (
			);
			name = "CS 143";
			productName = "CS 143";
			productReference = F8A9A2081825DDBE00F7DAB0 /* libCS 143.dylib */;
			productType = "com.apple.product-type.library.dynamic";
		};
/* End PBXNativeTarget section */

/* Begin PBXProject section */
		F8A9A2001825DDBE00F7DAB0 /* Project object */ = {
			isa = PBXProject;
			attributes = {
				LastUpgradeCheck = 0500;
				ORGANIZATIONNAME = Anish;
			};
			buildConfigurationList = F8A9A2031825DDBE00F7DAB0 /* Build configuration list for PBXProject "CS 143" */;
			compatibilityVersion = "Xcode 3.2";
			developmentRegion = English;
			hasScannedForEncodings = 0;
			knownRegions = (
				en,
			);
			mainGroup = F8A9A1FF1825DDBE00F7DAB0;
			productRefGroup = F8A9A2091825DDBE00F7DAB0 /* Products */;
			projectDirPath = "";
			projectRoot = "";
			targets = (
				F8A9A2071825DDBE00F7DAB0 /* CS 143 */,
			);
		};
/* End PBXProject section */

/* Begin PBXSourcesBuildPhase section */
		F8A9A2041825DDBE00F7DAB0 /* Sources */ = {
			isa = PBXSourcesBuildPhase;
			buildActionMask = 2147483647;
			files = (
				21AB6067182F6CA700F61DDB /* FlowEvent.cpp in Sources */,
				21CB31971832D5E5007AF9B4 /* Flow.cpp in Sources */,
				21BB0DDF182F785F008A653D /* Event.cpp in Sources */,
				F8A9A2111825DDE400F7DAB0 /* EventGenerator.cpp in Sources */,
				21F1308F182F20CA0072DDBE /* FlowGenerator.cpp in Sources */,
				215AADDE182CCA4900F666EC /* CongestionAlg.cpp in Sources */,
				F86533331830C77500B12405 /* UnackEvent.cpp in Sources */,
				21F913D2182C730000089B45 /* Handler.cpp in Sources */,
				21D7E9AD1827677D003FEBF2 /* Packet.cpp in Sources */,
				21067C12182C6705008787D1 /* Router.cpp in Sources */,
				F86533311830C77500B12405 /* Test.cpp in Sources */,
				21067C0A182C655C008787D1 /* Link.cpp in Sources */,
				F86533301830C77500B12405 /* Makefile in Sources */,
				21AB6069182F6CA700F61DDB /* PacketEvent.cpp in Sources */,
				215AADDA182CCA2E00F666EC /* Host.cpp in Sources */,
			);
			runOnlyForDeploymentPostprocessing = 0;
		};
/* End PBXSourcesBuildPhase section */

/* Begin XCBuildConfiguration section */
		F8A9A20A1825DDBE00F7DAB0 /* Debug */ = {
			isa = XCBuildConfiguration;
			buildSettings = {
				ALWAYS_SEARCH_USER_PATHS = NO;
				CLANG_CXX_LANGUAGE_STANDARD = "gnu++0x";
				CLANG_CXX_LIBRARY = "libc++";
				CLANG_ENABLE_OBJC_ARC = YES;
				CLANG_WARN_BOOL_CONVERSION = YES;
				CLANG_WARN_CONSTANT_CONVERSION = YES;
				CLANG_WARN_DIRECT_OBJC_ISA_USAGE = YES_ERROR;
				CLANG_WARN_EMPTY_BODY = YES;
				CLANG_WARN_ENUM_CONVERSION = YES;
				CLANG_WARN_INT_CONVERSION = YES;
				CLANG_WARN_OBJC_ROOT_CLASS = YES_ERROR;
				CLANG_WARN__DUPLICATE_METHOD_MATCH = YES;
				COPY_PHASE_STRIP = NO;
				GCC_C_LANGUAGE_STANDARD = gnu99;
				GCC_DYNAMIC_NO_PIC = NO;
				GCC_ENABLE_OBJC_EXCEPTIONS = YES;
				GCC_OPTIMIZATION_LEVEL = 0;
				GCC_PREPROCESSOR_DEFINITIONS = (
					"DEBUG=1",
					"$(inherited)",
				);
				GCC_SYMBOLS_PRIVATE_EXTERN = NO;
				GCC_WARN_64_TO_32_BIT_CONVERSION = YES;
				GCC_WARN_ABOUT_RETURN_TYPE = YES_ERROR;
				GCC_WARN_UNDECLARED_SELECTOR = YES;
				GCC_WARN_UNINITIALIZED_AUTOS = YES;
				GCC_WARN_UNUSED_FUNCTION = YES;
				GCC_WARN_UNUSED_VARIABLE = YES;
				MACOSX_DEPLOYMENT_TARGET = 10.8;
				ONLY_ACTIVE_ARCH = YES;
				SDKROOT = macosx;
			};
			name = Debug;
		};
		F8A9A20B1825DDBE00F7DAB0 /* Release */ = {
			isa = XCBuildConfiguration;
			buildSettings = {
				ALWAYS_SEARCH_USER_PATHS = NO;
				CLANG_CXX_LANGUAGE_STANDARD = "gnu++0x";
				CLANG_CXX_LIBRARY = "libc++";
				CLANG_ENABLE_OBJC_ARC = YES;
				CLANG_WARN_BOOL_CONVERSION = YES;
				CLANG_WARN_CONSTANT_CONVERSION = YES;
				CLANG_WARN_DIRECT_OBJC_ISA_USAGE = YES_ERROR;
				CLANG_WARN_EMPTY_BODY = YES;
				CLANG_WARN_ENUM_CONVERSION = YES;
				CLANG_WARN_INT_CONVERSION = YES;
				CLANG_WARN_OBJC_ROOT_CLASS = YES_ERROR;
				CLANG_WARN__DUPLICATE_METHOD_MATCH = YES;
				COPY_PHASE_STRIP = YES;
				DEBUG_INFORMATION_FORMAT = "dwarf-with-dsym";
				ENABLE_NS_ASSERTIONS = NO;
				GCC_C_LANGUAGE_STANDARD = gnu99;
				GCC_ENABLE_OBJC_EXCEPTIONS = YES;
				GCC_WARN_64_TO_32_BIT_CONVERSION = YES;
				GCC_WARN_ABOUT_RETURN_TYPE = YES_ERROR;
				GCC_WARN_UNDECLARED_SELECTOR = YES;
				GCC_WARN_UNINITIALIZED_AUTOS = YES;
				GCC_WARN_UNUSED_FUNCTION = YES;
				GCC_WARN_UNUSED_VARIABLE = YES;
				MACOSX_DEPLOYMENT_TARGET = 10.8;
				SDKROOT = macosx;
			};
			name = Release;
		};
		F8A9A20D1825DDBE00F7DAB0 /* Debug */ = {
			isa = XCBuildConfiguration;
			buildSettings = {
				EXECUTABLE_PREFIX = lib;
				PRODUCT_NAME = "$(TARGET_NAME)";
			};
			name = Debug;
		};
		F8A9A20E1825DDBE00F7DAB0 /* Release */ = {
			isa = XCBuildConfiguration;
			buildSettings = {
				EXECUTABLE_PREFIX = lib;
				PRODUCT_NAME = "$(TARGET_NAME)";
			};
			name = Release;
		};
/* End XCBuildConfiguration section */

/* Begin XCConfigurationList section */
		F8A9A2031825DDBE00F7DAB0 /* Build configuration list for PBXProject "CS 143" */ = {
			isa = XCConfigurationList;
			buildConfigurations = (
				F8A9A20A1825DDBE00F7DAB0 /* Debug */,
				F8A9A20B1825DDBE00F7DAB0 /* Release */,
			);
			defaultConfigurationIsVisible = 0;
			defaultConfigurationName = Release;
		};
		F8A9A20C1825DDBE00F7DAB0 /* Build configuration list for PBXNativeTarget "CS 143" */ = {
			isa = XCConfigurationList;
			buildConfigurations = (
				F8A9A20D1825DDBE00F7DAB0 /* Debug */,
				F8A9A20E1825DDBE00F7DAB0 /* Release */,
			);
			defaultConfigurationIsVisible = 0;
			defaultConfigurationName = Release;
		};
/* End XCConfigurationList section */
	};
	rootObject = F8A9A2001825DDBE00F7DAB0 /* Project object */;
}
